
Microsoft Visual Studio Solution File, Format Version 12.00
# Visual Studio 15
VisualStudioVersion = 15.0.26228.4
MinimumVisualStudioVersion = 10.0.40219.1
Project("{FAE04EC0-301F-11D3-BF4B-00C04F79EFBC}") = "Bin2Object", "Bin2Object\Bin2Object.csproj", "{865AA871-F000-4794-A28A-17EAB5D53579}"
EndProject
Project("{FAE04EC0-301F-11D3-BF4B-00C04F79EFBC}") = "Tests", "Tests\Tests.csproj", "{D5EEAFD0-6721-4482-97A3-B7A1FDE300AE}"
EndProject
Project("{2150E333-8FDC-42A3-9474-1A3956D46DE8}") = "Solution Items", "Solution Items", "{6531D379-7A7E-4C66-B98F-C1E7D4F83009}"
	ProjectSection(SolutionItems) = preProject
		LICENSE = LICENSE
		README.md = README.md
	EndProjectSection
EndProject
Global
	GlobalSection(SolutionConfigurationPlatforms) = preSolution
		Debug|Any CPU = Debug|Any CPU
		Release|Any CPU = Release|Any CPU
	EndGlobalSection
	GlobalSection(ProjectConfigurationPlatforms) = postSolution
		{865AA871-F000-4794-A28A-17EAB5D53579}.Debug|Any CPU.ActiveCfg = Debug|Any CPU
		{865AA871-F000-4794-A28A-17EAB5D53579}.Debug|Any CPU.Build.0 = Debug|Any CPU
		{865AA871-F000-4794-A28A-17EAB5D53579}.Release|Any CPU.ActiveCfg = Release|Any CPU
		{865AA871-F000-4794-A28A-17EAB5D53579}.Release|Any CPU.Build.0 = Release|Any CPU
		{D5EEAFD0-6721-4482-97A3-B7A1FDE300AE}.Debug|Any CPU.ActiveCfg = Debug|Any CPU
		{D5EEAFD0-6721-4482-97A3-B7A1FDE300AE}.Debug|Any CPU.Build.0 = Debug|Any CPU
		{D5EEAFD0-6721-4482-97A3-B7A1FDE300AE}.Release|Any CPU.ActiveCfg = Release|Any CPU
		{D5EEAFD0-6721-4482-97A3-B7A1FDE300AE}.Release|Any CPU.Build.0 = Release|Any CPU
	EndGlobalSection
	GlobalSection(SolutionProperties) = preSolution
		HideSolutionNode = FALSE
	EndGlobalSection
EndGlobal
